
Microsoft Visual Studio Solution File, Format Version 12.00
Project("{FAE04EC0-301F-11D3-BF4B-00C04F79EFBC}") = "prove-09", "prove-09\prove-09.csproj", "{5A5852FC-9263-43F5-A310-97A3410AF896}"
EndProject
Project("{FAE04EC0-301F-11D3-BF4B-00C04F79EFBC}") = "test-prove-09", "test-prove-09\test-prove-09.csproj", "{540A220E-9DC0-4430-A075-28857B01F3B5}"
EndProject
Global
	GlobalSection(SolutionConfigurationPlatforms) = preSolution
		Debug|Any CPU = Debug|Any CPU
		Release|Any CPU = Release|Any CPU
	EndGlobalSection
	GlobalSection(ProjectConfigurationPlatforms) = postSolution
		{5A5852FC-9263-43F5-A310-97A3410AF896}.Debug|Any CPU.ActiveCfg = Debug|Any CPU
		{5A5852FC-9263-43F5-A310-97A3410AF896}.Debug|Any CPU.Build.0 = Debug|Any CPU
		{5A5852FC-9263-43F5-A310-97A3410AF896}.Release|Any CPU.ActiveCfg = Release|Any CPU
		{5A5852FC-9263-43F5-A310-97A3410AF896}.Release|Any CPU.Build.0 = Release|Any CPU
		{540A220E-9DC0-4430-A075-28857B01F3B5}.Debug|Any CPU.ActiveCfg = Debug|Any CPU
		{540A220E-9DC0-4430-A075-28857B01F3B5}.Debug|Any CPU.Build.0 = Debug|Any CPU
		{540A220E-9DC0-4430-A075-28857B01F3B5}.Release|Any CPU.ActiveCfg = Release|Any CPU
		{540A220E-9DC0-4430-A075-28857B01F3B5}.Release|Any CPU.Build.0 = Release|Any CPU
	EndGlobalSection
EndGlobal
